
Microsoft Visual Studio Solution File, Format Version 12.00
# Visual Studio Version 17
VisualStudioVersion = 17.13.35806.99
MinimumVisualStudioVersion = 10.0.40219.1
Project("{FAE04EC0-301F-11D3-BF4B-00C04F79EFBC}") = "PaymentAnalytics_Test", "PaymentAnalytics_Test\PaymentAnalytics_Test.csproj", "{F60DD260-2F7D-4CFC-9548-D6DE6E215699}"
EndProject
Global
	GlobalSection(SolutionConfigurationPlatforms) = preSolution
		Debug|Any CPU = Debug|Any CPU
		Release|Any CPU = Release|Any CPU
	EndGlobalSection
	GlobalSection(ProjectConfigurationPlatforms) = postSolution
		{F60DD260-2F7D-4CFC-9548-D6DE6E215699}.Debug|Any CPU.ActiveCfg = Debug|Any CPU
		{F60DD260-2F7D-4CFC-9548-D6DE6E215699}.Debug|Any CPU.Build.0 = Debug|Any CPU
		{F60DD260-2F7D-4CFC-9548-D6DE6E215699}.Release|Any CPU.ActiveCfg = Release|Any CPU
		{F60DD260-2F7D-4CFC-9548-D6DE6E215699}.Release|Any CPU.Build.0 = Release|Any CPU
	EndGlobalSection
	GlobalSection(SolutionProperties) = preSolution
		HideSolutionNode = FALSE
	EndGlobalSection
	GlobalSection(ExtensibilityGlobals) = postSolution
		SolutionGuid = {BC4F21E0-BE1B-490F-9925-4730F72A3FA2}
	EndGlobalSection
EndGlobal
